
Microsoft Visual Studio Solution File, Format Version 12.00
# Visual Studio Version 16
VisualStudioVersion = 16.0.32802.440
MinimumVisualStudioVersion = 10.0.40219.1
Project("{FAE04EC0-301F-11D3-BF4B-00C04F79EFBC}") = "impuestador", "impuestador\impuestador.csproj", "{68184C03-C181-4F97-A5AD-8012A127BBBA}"
EndProject
Global
	GlobalSection(SolutionConfigurationPlatforms) = preSolution
		Debug|Any CPU = Debug|Any CPU
		Release|Any CPU = Release|Any CPU
	EndGlobalSection
	GlobalSection(ProjectConfigurationPlatforms) = postSolution
		{68184C03-C181-4F97-A5AD-8012A127BBBA}.Debug|Any CPU.ActiveCfg = Debug|Any CPU
		{68184C03-C181-4F97-A5AD-8012A127BBBA}.Debug|Any CPU.Build.0 = Debug|Any CPU
		{68184C03-C181-4F97-A5AD-8012A127BBBA}.Release|Any CPU.ActiveCfg = Release|Any CPU
		{68184C03-C181-4F97-A5AD-8012A127BBBA}.Release|Any CPU.Build.0 = Release|Any CPU
	EndGlobalSection
	GlobalSection(SolutionProperties) = preSolution
		HideSolutionNode = FALSE
	EndGlobalSection
	GlobalSection(ExtensibilityGlobals) = postSolution
		SolutionGuid = {73B41425-6C87-4B89-94BC-F25A383A73F3}
	EndGlobalSection
EndGlobal
